
Microsoft Visual Studio Solution File, Format Version 12.00
# Visual Studio Version 17
VisualStudioVersion = 17.4.33205.214
MinimumVisualStudioVersion = 10.0.40219.1
Project("{9A19103F-16F7-4668-BE54-9A1E7A4F7556}") = "GisalSpareParts", "GisalSpareParts\GisalSpareParts.csproj", "{2E1D2C0F-1D41-4524-937F-7A0397AA5E5A}"
EndProject
Global
	GlobalSection(SolutionConfigurationPlatforms) = preSolution
		Debug|Any CPU = Debug|Any CPU
		Release|Any CPU = Release|Any CPU
	EndGlobalSection
	GlobalSection(ProjectConfigurationPlatforms) = postSolution
		{2E1D2C0F-1D41-4524-937F-7A0397AA5E5A}.Debug|Any CPU.ActiveCfg = Debug|Any CPU
		{2E1D2C0F-1D41-4524-937F-7A0397AA5E5A}.Debug|Any CPU.Build.0 = Debug|Any CPU
		{2E1D2C0F-1D41-4524-937F-7A0397AA5E5A}.Release|Any CPU.ActiveCfg = Release|Any CPU
		{2E1D2C0F-1D41-4524-937F-7A0397AA5E5A}.Release|Any CPU.Build.0 = Release|Any CPU
	EndGlobalSection
	GlobalSection(SolutionProperties) = preSolution
		HideSolutionNode = FALSE
	EndGlobalSection
	GlobalSection(ExtensibilityGlobals) = postSolution
		SolutionGuid = {071A9516-6512-43DF-827F-68B22C8B0EAB}
	EndGlobalSection
	GlobalSection(TeamFoundationVersionControl) = preSolution
		SccNumberOfProjects = 2
		SccEnterpriseProvider = {4CA58AB2-18FA-4F8D-95D4-32DDF27D184C}
		SccTeamFoundationServer = http://192.168.73.123:8080/tfs/anprg
		SccLocalPath0 = .
		SccProjectUniqueName1 = GisalSpareParts\\GisalSpareParts.csproj
		SccProjectName1 = GisalSpareParts
		SccLocalPath1 = GisalSpareParts
	EndGlobalSection
EndGlobal
